
Microsoft Visual Studio Solution File, Format Version 12.00
# Visual Studio Version 17
VisualStudioVersion = 17.14.36203.30 d17.14
MinimumVisualStudioVersion = 10.0.40219.1
Project("{888888A0-9F3D-457C-B088-3A5042F75D52}") = "Marathon", "Marathon\Marathon.pyproj", "{B78276E2-34D2-458F-BE1B-2A47340867E2}"
EndProject
Global
	GlobalSection(SolutionConfigurationPlatforms) = preSolution
		Debug|Any CPU = Debug|Any CPU
		Release|Any CPU = Release|Any CPU
	EndGlobalSection
	GlobalSection(ProjectConfigurationPlatforms) = postSolution
		{B78276E2-34D2-458F-BE1B-2A47340867E2}.Debug|Any CPU.ActiveCfg = Debug|Any CPU
		{B78276E2-34D2-458F-BE1B-2A47340867E2}.Release|Any CPU.ActiveCfg = Release|Any CPU
	EndGlobalSection
	GlobalSection(SolutionProperties) = preSolution
		HideSolutionNode = FALSE
	EndGlobalSection
	GlobalSection(ExtensibilityGlobals) = postSolution
		SolutionGuid = {F06B19CA-0AF5-4853-B80D-2C08DA5371D7}
	EndGlobalSection
EndGlobal
