
Microsoft Visual Studio Solution File, Format Version 12.00
# Visual Studio Version 17
VisualStudioVersion = 17.14.36203.30 d17.14
MinimumVisualStudioVersion = 10.0.40219.1
Project("{888888A0-9F3D-457C-B088-3A5042F75D52}") = "blox_game", "blox_game\blox_game.pyproj", "{46BFC915-49E9-4D06-B706-192CFDE7B1DB}"
EndProject
Global
	GlobalSection(SolutionConfigurationPlatforms) = preSolution
		Debug|Any CPU = Debug|Any CPU
		Release|Any CPU = Release|Any CPU
	EndGlobalSection
	GlobalSection(ProjectConfigurationPlatforms) = postSolution
		{46BFC915-49E9-4D06-B706-192CFDE7B1DB}.Debug|Any CPU.ActiveCfg = Debug|Any CPU
		{46BFC915-49E9-4D06-B706-192CFDE7B1DB}.Release|Any CPU.ActiveCfg = Release|Any CPU
	EndGlobalSection
	GlobalSection(SolutionProperties) = preSolution
		HideSolutionNode = FALSE
	EndGlobalSection
	GlobalSection(ExtensibilityGlobals) = postSolution
		SolutionGuid = {AF78C3D9-54CB-46C8-90F8-41F67AA37DD0}
	EndGlobalSection
EndGlobal
